# THIS IS AN AUTOGENERATED FILE. DO NOT EDIT THIS FILE DIRECTLY.
# yarn lockfile v1


"@cloudflare/wrangler@1.6.0":
  version "1.6.0"
  resolved "https://registry.yarnpkg.com/@cloudflare/wrangler/-/wrangler-1.6.0.tgz#088ed171dea9e90a1d7fd82caafc3ab8eb2967b9"
  integrity sha512-a8HpSxG+AJZDt+UD+M1th/2bw0sYDEBJdmcYqlhouZLz+3dO5beNnNlxN78s6uIrgjQxhQyu7RacKD/8u3lTbQ==
  dependencies:
    axios "0.18.1"
    rimraf "2.7.1"
    tar "4.4.10"

"@ensdomains/resolver@^0.1.13":
  version "0.1.13"
  resolved "https://registry.yarnpkg.com/@ensdomains/resolver/-/resolver-0.1.13.tgz#3a43df9f2d6f4e60c677adf60311805643aac781"
  integrity sha512-VcMygGO/b0H4AXkN4CRAHw0CZd5XvTJW8YdIdZEmpJGs/O3eMzBzxpgJJ7UerD7U098rbBDSJmj0zjGudV0/aQ==

"@ethersproject/abi@^5.0.0-beta.142":
  version "5.0.0-beta.142"
  resolved "https://registry.yarnpkg.com/@ethersproject/abi/-/abi-5.0.0-beta.142.tgz#cde0ced7daa2fbc98e35a2c31203331907e84a39"
  integrity sha512-vJ2V9fPNzi+8iutY4sjy6mgogkJtiGsd9hmpa1bjnGW6qnHOEkAV1fzVpvT002LlnjFgqgtzuLBDZob6oU7i8w==
  dependencies:
    "@ethersproject/address" ">=5.0.0-beta.128"
    "@ethersproject/bignumber" ">=5.0.0-beta.130"
    "@ethersproject/bytes" ">=5.0.0-beta.129"
    "@ethersproject/constants" ">=5.0.0-beta.128"
    "@ethersproject/hash" ">=5.0.0-beta.128"
    "@ethersproject/keccak256" ">=5.0.0-beta.127"
    "@ethersproject/logger" ">=5.0.0-beta.129"
    "@ethersproject/properties" ">=5.0.0-beta.131"
    "@ethersproject/strings" ">=5.0.0-beta.130"

"@ethersproject/address@>=5.0.0-beta.128":
  version "5.0.0-beta.133"
  resolved "https://registry.yarnpkg.com/@ethersproject/address/-/address-5.0.0-beta.133.tgz#b6bf2c298da5701c61038e4cdfac2e0038b884ce"
  integrity sha512-7SjGhZ3xClqlmzqNNzESKlHbBeEzDWXIeKUBbSzK3Ce9PgK6uboiNe53fgqzhrRVOMhD1J4Q+oIm4DsTv37FWg==
  dependencies:
    "@ethersproject/bignumber" ">=5.0.0-beta.130"
    "@ethersproject/bytes" ">=5.0.0-beta.129"
    "@ethersproject/keccak256" ">=5.0.0-beta.127"
    "@ethersproject/logger" ">=5.0.0-beta.129"
    "@ethersproject/rlp" ">=5.0.0-beta.126"
    bn.js "^4.4.0"

"@ethersproject/bignumber@>=5.0.0-beta.130":
  version "5.0.0-beta.135"
  resolved "https://registry.yarnpkg.com/@ethersproject/bignumber/-/bignumber-5.0.0-beta.135.tgz#9d464df8967f5d314d109497e4f25ab82314c098"
  integrity sha512-7Tw2NgHzK7o+70bwyoaIZCbRycz+saWNU0sLOYnis3qYXwYsdTL+Rm0PMGA2v4jyHJt7BPS2pxGww+akVXbX+w==
  dependencies:
    "@ethersproject/bytes" ">=5.0.0-beta.129"
    "@ethersproject/logger" ">=5.0.0-beta.129"
    "@ethersproject/properties" ">=5.0.0-beta.131"
    bn.js "^4.4.0"

"@ethersproject/bytes@>=5.0.0-beta.129":
  version "5.0.0-beta.134"
  resolved "https://registry.yarnpkg.com/@ethersproject/bytes/-/bytes-5.0.0-beta.134.tgz#eb6b9a200be02d6d539f90086fbfad26ec63d0d5"
  integrity sha512-2BULy5x0BuHPRzuGjEYWndJieDaRAaZUbMk53fZjH4yjhKMHDGADQQOtaSD4wN+H183YOXMGdtlCrRGJ1N+uNg==
  dependencies:
    "@ethersproject/logger" ">=5.0.0-beta.129"

"@ethersproject/constants@>=5.0.0-beta.128":
  version "5.0.0-beta.132"
  resolved "https://registry.yarnpkg.com/@ethersproject/constants/-/constants-5.0.0-beta.132.tgz#068cc97493fbc1543299bda79e0e726310e129a4"
  integrity sha512-ioO7Ez8Xatk5z3lVzzEhRjXng1le1sTzfuD3v8gUozrzgLXyl0X81Go1Nadj7qPgo68HziIFcm5kRFp4SdJa0A==
  dependencies:
    "@ethersproject/bignumber" ">=5.0.0-beta.130"

"@ethersproject/hash@>=5.0.0-beta.128":
  version "5.0.0-beta.133"
  resolved "https://registry.yarnpkg.com/@ethersproject/hash/-/hash-5.0.0-beta.133.tgz#bda0c74454a82359642033f27c5157963495fcdf"
  integrity sha512-tfF11QxFlJCy92rMtUZ0kImchWhlYXkN5Gj5cYfTcCdWEUKwNq1LljDnlrjV2JabO6s5enb8uiUj4RBTo2+Rgw==
  dependencies:
    "@ethersproject/bytes" ">=5.0.0-beta.129"
    "@ethersproject/keccak256" ">=5.0.0-beta.127"
    "@ethersproject/logger" ">=5.0.0-beta.129"
    "@ethersproject/strings" ">=5.0.0-beta.130"

"@ethersproject/keccak256@>=5.0.0-beta.127":
  version "5.0.0-beta.131"
  resolved "https://registry.yarnpkg.com/@ethersproject/keccak256/-/keccak256-5.0.0-beta.131.tgz#b5778723ee75208065b9b9ad30c71d480f41bb31"
  integrity sha512-KQnqMwGV0IMOjAr/UTFO8DuLrmN1uaMvcV3zh9hiXhh3rCuY+WXdeUh49w1VQ94kBKmaP0qfGb7z4SdhUWUHjw==
  dependencies:
    "@ethersproject/bytes" ">=5.0.0-beta.129"
    js-sha3 "0.5.7"

"@ethersproject/logger@>=5.0.0-beta.129":
  version "5.0.0-beta.133"
  resolved "https://registry.yarnpkg.com/@ethersproject/logger/-/logger-5.0.0-beta.133.tgz#2d62d495ed413c7045054d4f99a0fb4920079b2e"
  integrity sha512-1ISf7rFKFbMHlEB37JS7Oy3FgFlvzF2Ze2uFZMJHGKp9xgDvFy1VHNMBM1KrJPK4AqCZXww0//e2keLsN3g/Cw==

"@ethersproject/properties@>=5.0.0-beta.131":
  version "5.0.0-beta.135"
  resolved "https://registry.yarnpkg.com/@ethersproject/properties/-/properties-5.0.0-beta.135.tgz#51a0a5d72ca034b5ae845d43ed409eb3576a3ca7"
  integrity sha512-R4ROFaFh86n09eE+MWMPzaB87V5OSgqu0gtQ7LjUvkFF3eqdpdvLVD4N93hvCKNZcjGHI4WmazDUlpuXZVgDkA==
  dependencies:
    "@ethersproject/logger" ">=5.0.0-beta.129"

"@ethersproject/rlp@>=5.0.0-beta.126":
  version "5.0.0-beta.131"
  resolved "https://registry.yarnpkg.com/@ethersproject/rlp/-/rlp-5.0.0-beta.131.tgz#4a0c0c314e26ed7f01be6bca16308d629a8022d2"
  integrity sha512-sUJUGbywlnuk2frkSWzWiGenTrwOnrKQaNKJqjCGmK35x0WIzcR4/1gC6jWa0hpWJT6Seq6J6SCT5CS+ZWCFNw==
  dependencies:
    "@ethersproject/bytes" ">=5.0.0-beta.129"

"@ethersproject/strings@>=5.0.0-beta.130", "@ethersproject/strings@^5.0.0-beta.135":
  version "5.0.0-beta.135"
  resolved "https://registry.yarnpkg.com/@ethersproject/strings/-/strings-5.0.0-beta.135.tgz#7754a805831383bf1838cd097d26c6135e96a745"
  integrity sha512-MiZSJPhAQggXb3XA/XS4jmwmj5CsknMXk/XIzNZB7eYqEGA2i7sQV7+o6DOE+3lq5k5BhB8OaDziogNCOGAouA==
  dependencies:
    "@ethersproject/bytes" ">=5.0.0-beta.129"
    "@ethersproject/constants" ">=5.0.0-beta.128"
    "@ethersproject/logger" ">=5.0.0-beta.129"

axios@0.18.1:
  version "0.18.1"
  resolved "https://registry.yarnpkg.com/axios/-/axios-0.18.1.tgz#ff3f0de2e7b5d180e757ad98000f1081b87bcea3"
  integrity sha512-0BfJq4NSfQXd+SkFdrvFbG7addhYSBA2mQwISr46pD6E5iqkWg02RAs8vyTT/j0RTnoYmeXauBuSv1qKwR179g==
  dependencies:
    follow-redirects "1.5.10"
    is-buffer "^2.0.2"

balanced-match@^1.0.0:
  version "1.0.0"
  resolved "https://registry.yarnpkg.com/balanced-match/-/balanced-match-1.0.0.tgz#89b4d199ab2bee49de164ea02b89ce462d71b767"
  integrity sha1-ibTRmasr7kneFk6gK4nORi1xt2c=

bn.js@^4.4.0:
  version "4.11.8"
  resolved "https://registry.yarnpkg.com/bn.js/-/bn.js-4.11.8.tgz#2cde09eb5ee341f484746bb0309b3253b1b1442f"
  integrity sha512-ItfYfPLkWHUjckQCk8xC+LwxgK8NYcXywGigJgSwOP8Y2iyWT4f2vsZnoOXTTbo+o5yXmIUJ4gn5538SO5S3gA==

brace-expansion@^1.1.7:
  version "1.1.11"
  resolved "https://registry.yarnpkg.com/brace-expansion/-/brace-expansion-1.1.11.tgz#3c7fcbf529d87226f3d2f52b966ff5271eb441dd"
  integrity sha512-iCuPHDFgrHX7H2vEI/5xpz07zSHB00TpugqhmYtVmMO6518mCuRMoOYFldEBl0g187ufozdaHgWKcYFb61qGiA==
  dependencies:
    balanced-match "^1.0.0"
    concat-map "0.0.1"

chownr@^1.1.1:
  version "1.1.3"
  resolved "https://registry.yarnpkg.com/chownr/-/chownr-1.1.3.tgz#42d837d5239688d55f303003a508230fa6727142"
  integrity sha512-i70fVHhmV3DtTl6nqvZOnIjbY0Pe4kAUjwHj8z0zAdgBtYrJyYwLKCCuRBQ5ppkyL0AkN7HKRnETdmdp1zqNXw==

concat-map@0.0.1:
  version "0.0.1"
  resolved "https://registry.yarnpkg.com/concat-map/-/concat-map-0.0.1.tgz#d8a96bd77fd68df7793a73036a3ba0d5405d477b"
  integrity sha1-2Klr13/Wjfd5OnMDajug1UBdR3s=

debug@=3.1.0:
  version "3.1.0"
  resolved "https://registry.yarnpkg.com/debug/-/debug-3.1.0.tgz#5bb5a0672628b64149566ba16819e61518c67261"
  integrity sha512-OX8XqP7/1a9cqkxYw2yXss15f26NKWBpDXQd0/uK/KPqdQhxbPa994hnzjcE2VqQpDslf55723cKPUOGSmMY3g==
  dependencies:
    ms "2.0.0"

eth-ens-namehash@^2.0.8:
  version "2.0.8"
  resolved "https://registry.yarnpkg.com/eth-ens-namehash/-/eth-ens-namehash-2.0.8.tgz#229ac46eca86d52e0c991e7cb2aef83ff0f68bcf"
  integrity sha1-IprEbsqG1S4MmR58sq74P/D2i88=
  dependencies:
    idna-uts46-hx "^2.3.1"
    js-sha3 "^0.5.7"

follow-redirects@1.5.10:
  version "1.5.10"
  resolved "https://registry.yarnpkg.com/follow-redirects/-/follow-redirects-1.5.10.tgz#7b7a9f9aea2fdff36786a94ff643ed07f4ff5e2a"
  integrity sha512-0V5l4Cizzvqt5D44aTXbFZz+FtyXV1vrDN6qrelxtfYQKW0KO0W2T/hkE8xvGa/540LkZlkaUjO4ailYTFtHVQ==
  dependencies:
    debug "=3.1.0"

fs-minipass@^1.2.5:
  version "1.2.7"
  resolved "https://registry.yarnpkg.com/fs-minipass/-/fs-minipass-1.2.7.tgz#ccff8570841e7fe4265693da88936c55aed7f7c7"
  integrity sha512-GWSSJGFy4e9GUeCcbIkED+bgAoFyj7XF1mV8rma3QW4NIqX9Kyx79N/PF61H5udOV3aY1IaMLs6pGbH71nlCTA==
  dependencies:
    minipass "^2.6.0"

fs.realpath@^1.0.0:
  version "1.0.0"
  resolved "https://registry.yarnpkg.com/fs.realpath/-/fs.realpath-1.0.0.tgz#1504ad2523158caa40db4a2787cb01411994ea4f"
  integrity sha1-FQStJSMVjKpA20onh8sBQRmU6k8=

glob@^7.1.3:
  version "7.1.6"
  resolved "https://registry.yarnpkg.com/glob/-/glob-7.1.6.tgz#141f33b81a7c2492e125594307480c46679278a6"
  integrity sha512-LwaxwyZ72Lk7vZINtNNrywX0ZuLyStrdDtabefZKAY5ZGJhVtgdznluResxNmPitE0SAO+O26sWTHeKSI2wMBA==
  dependencies:
    fs.realpath "^1.0.0"
    inflight "^1.0.4"
    inherits "2"
    minimatch "^3.0.4"
    once "^1.3.0"
    path-is-absolute "^1.0.0"

idna-uts46-hx@^2.3.1:
  version "2.3.1"
  resolved "https://registry.yarnpkg.com/idna-uts46-hx/-/idna-uts46-hx-2.3.1.tgz#a1dc5c4df37eee522bf66d969cc980e00e8711f9"
  integrity sha512-PWoF9Keq6laYdIRwwCdhTPl60xRqAloYNMQLiyUnG42VjT53oW07BXIRM+NK7eQjzXjAk2gUvX9caRxlnF9TAA==
  dependencies:
    punycode "2.1.0"

inflight@^1.0.4:
  version "1.0.6"
  resolved "https://registry.yarnpkg.com/inflight/-/inflight-1.0.6.tgz#49bd6331d7d02d0c09bc910a1075ba8165b56df9"
  integrity sha1-Sb1jMdfQLQwJvJEKEHW6gWW1bfk=
  dependencies:
    once "^1.3.0"
    wrappy "1"

inherits@2:
  version "2.0.4"
  resolved "https://registry.yarnpkg.com/inherits/-/inherits-2.0.4.tgz#0fa2c64f932917c3433a0ded55363aae37416b7c"
  integrity sha512-k/vGaX4/Yla3WzyMCvTQOXYeIHvqOKtnqBduzTHpzpQZzAskKMhZ2K+EnBiSM9zGSoIFeMpXKxa4dYeZIQqewQ==

is-buffer@^2.0.2:
  version "2.0.4"
  resolved "https://registry.yarnpkg.com/is-buffer/-/is-buffer-2.0.4.tgz#3e572f23c8411a5cfd9557c849e3665e0b290623"
  integrity sha512-Kq1rokWXOPXWuaMAqZiJW4XxsmD9zGx9q4aePabbn3qCRGedtH7Cm+zV8WETitMfu1wdh+Rvd6w5egwSngUX2A==

js-sha3@0.5.7, js-sha3@^0.5.7:
  version "0.5.7"
  resolved "https://registry.yarnpkg.com/js-sha3/-/js-sha3-0.5.7.tgz#0d4ffd8002d5333aabaf4a23eed2f6374c9f28e7"
  integrity sha1-DU/9gALVMzqrr0oj7tL2N0yfKOc=

minimatch@^3.0.4:
  version "3.0.4"
  resolved "https://registry.yarnpkg.com/minimatch/-/minimatch-3.0.4.tgz#5166e286457f03306064be5497e8dbb0c3d32083"
  integrity sha512-yJHVQEhyqPLUTgt9B83PXu6W3rx4MvvHvSUvToogpwoGDOUQ+yDrR0HRot+yOCdCO7u4hX3pWft6kWBBcqh0UA==
  dependencies:
    brace-expansion "^1.1.7"

minimist@0.0.8:
  version "0.0.8"
  resolved "https://registry.yarnpkg.com/minimist/-/minimist-0.0.8.tgz#857fcabfc3397d2625b8228262e86aa7a011b05d"
  integrity sha1-hX/Kv8M5fSYluCKCYuhqp6ARsF0=

minipass@^2.3.5, minipass@^2.6.0, minipass@^2.9.0:
  version "2.9.0"
  resolved "https://registry.yarnpkg.com/minipass/-/minipass-2.9.0.tgz#e713762e7d3e32fed803115cf93e04bca9fcc9a6"
  integrity sha512-wxfUjg9WebH+CUDX/CdbRlh5SmfZiy/hpkxaRI16Y9W56Pa75sWgd/rvFilSgrauD9NyFymP/+JFV3KwzIsJeg==
  dependencies:
    safe-buffer "^5.1.2"
    yallist "^3.0.0"

minizlib@^1.2.1:
  version "1.3.3"
  resolved "https://registry.yarnpkg.com/minizlib/-/minizlib-1.3.3.tgz#2290de96818a34c29551c8a8d301216bd65a861d"
  integrity sha512-6ZYMOEnmVsdCeTJVE0W9ZD+pVnE8h9Hma/iOwwRDsdQoePpoX56/8B6z3P9VNwppJuBKNRuFDRNRqRWexT9G9Q==
  dependencies:
    minipass "^2.9.0"

mkdirp@^0.5.0:
  version "0.5.1"
  resolved "https://registry.yarnpkg.com/mkdirp/-/mkdirp-0.5.1.tgz#30057438eac6cf7f8c4767f38648d6697d75c903"
  integrity sha1-MAV0OOrGz3+MR2fzhkjWaX11yQM=
  dependencies:
    minimist "0.0.8"

ms@2.0.0:
  version "2.0.0"
  resolved "https://registry.yarnpkg.com/ms/-/ms-2.0.0.tgz#5608aeadfc00be6c2901df5f9861788de0d597c8"
  integrity sha1-VgiurfwAvmwpAd9fmGF4jeDVl8g=

once@^1.3.0:
  version "1.4.0"
  resolved "https://registry.yarnpkg.com/once/-/once-1.4.0.tgz#583b1aa775961d4b113ac17d9c50baef9dd76bd1"
  integrity sha1-WDsap3WWHUsROsF9nFC6753Xa9E=
  dependencies:
    wrappy "1"

path-is-absolute@^1.0.0:
  version "1.0.1"
  resolved "https://registry.yarnpkg.com/path-is-absolute/-/path-is-absolute-1.0.1.tgz#174b9268735534ffbc7ace6bf53a5a9e1b5c5f5f"
  integrity sha1-F0uSaHNVNP+8es5r9TpanhtcX18=

prettier@^1.18.2:
  version "1.19.1"
  resolved "https://registry.yarnpkg.com/prettier/-/prettier-1.19.1.tgz#f7d7f5ff8a9cd872a7be4ca142095956a60797cb"
  integrity sha512-s7PoyDv/II1ObgQunCbB9PdLmUcBZcnWOcxDh7O0N/UwDEsHyqkW+Qh28jW+mVuCdx7gLB0BotYI1Y6uI9iyew==

punycode@2.1.0:
  version "2.1.0"
  resolved "https://registry.yarnpkg.com/punycode/-/punycode-2.1.0.tgz#5f863edc89b96db09074bad7947bf09056ca4e7d"
  integrity sha1-X4Y+3Im5bbCQdLrXlHvwkFbKTn0=

rimraf@2.7.1:
  version "2.7.1"
  resolved "https://registry.yarnpkg.com/rimraf/-/rimraf-2.7.1.tgz#35797f13a7fdadc566142c29d4f07ccad483e3ec"
  integrity sha512-uWjbaKIK3T1OSVptzX7Nl6PvQ3qAGtKEtVRjRuazjfL3Bx5eI409VZSqgND+4UNnmzLVdPj9FqFJNPqBZFve4w==
  dependencies:
    glob "^7.1.3"

safe-buffer@^5.1.2:
  version "5.2.0"
  resolved "https://registry.yarnpkg.com/safe-buffer/-/safe-buffer-5.2.0.tgz#b74daec49b1148f88c64b68d49b1e815c1f2f519"
  integrity sha512-fZEwUGbVl7kouZs1jCdMLdt95hdIv0ZeHg6L7qPeciMZhZ+/gdesW4wgTARkrFWEpspjEATAzUGPG8N2jJiwbg==

tar@4.4.10:
  version "4.4.10"
  resolved "https://registry.yarnpkg.com/tar/-/tar-4.4.10.tgz#946b2810b9a5e0b26140cf78bea6b0b0d689eba1"
  integrity sha512-g2SVs5QIxvo6OLp0GudTqEf05maawKUxXru104iaayWA09551tFCTI8f1Asb4lPfkBr91k07iL4c11XO3/b0tA==
  dependencies:
    chownr "^1.1.1"
    fs-minipass "^1.2.5"
    minipass "^2.3.5"
    minizlib "^1.2.1"
    mkdirp "^0.5.0"
    safe-buffer "^5.1.2"
    yallist "^3.0.3"

wrappy@1:
  version "1.0.2"
  resolved "https://registry.yarnpkg.com/wrappy/-/wrappy-1.0.2.tgz#b5243d8f3ec1aa35f1364605bc0d1036e30ab69f"
  integrity sha1-tSQ9jz7BqjXxNkYFvA0QNuMKtp8=

yallist@^3.0.0, yallist@^3.0.3:
  version "3.1.1"
  resolved "https://registry.yarnpkg.com/yallist/-/yallist-3.1.1.tgz#dbb7daf9bfd8bac9ab45ebf602b8cbad0d5d08fd"
  integrity sha512-a4UGQaWPH59mOXUYnAG2ewncQS4i4F43Tv3JoAM+s2VDAmS9NsK8GpDMLrCHPksFT7h3K6TOoUNn2pb7RoXx4g==
